{
  "version": 4,
  "terraform_version": "0.14.0",
  "serial": 6,
  "lineage": "fb3fef92-2802-6158-a25e-bce594fb2b97",
  "outputs": {},
  "resources": [
    {
      "mode": "managed",
      "type": "proxmox_lxc",
      "name": "database",
      "provider": "provider[\"registry.terraform.io/telmate/proxmox\"]",
      "instances": [
        {
          "schema_version": 0,
          "attributes": {
            "arch": "amd64",
            "bwlimit": 0,
            "cmode": "tty",
            "console": true,
            "cores": 2,
            "cpulimit": 0,
            "cpuunits": 1024,
            "description": "",
            "features": [],
            "force": false,
            "hookscript": "",
            "hostname": "SilverJanus",
            "id": "flyinghermes/lxc/102",
            "ignore_unpack_errors": false,
            "lock": "",
            "memory": 1024,
            "mountpoint": [],
            "nameserver": "",
            "network": [
              {
                "bridge": "vmbr0",
                "firewall": false,
                "gw": "192.168.1.1",
                "gw6": "",
                "hwaddr": "5A:79:DD:59:92:E6",
                "ip": "192.168.1.52/32",
                "ip6": "",
                "mtu": "",
                "name": "eth0",
                "rate": 0,
                "tag": 0,
                "trunks": "",
                "type": "veth"
              }
            ],
            "onboot": false,
            "ostemplate": "local:vztmpl/ubuntu-20.04-standard_20.04-1_amd64.tar.gz",
            "ostype": "ubuntu",
            "password": "r8aPF%R@ArHKN6Ex",
            "pool": "",
            "protection": false,
            "restore": false,
            "rootfs": [
              {
                "size": "20G",
                "storage": "DataStoreZFS-Local",
                "volume": "DataStoreZFS-Local:subvol-102-disk-0"
              }
            ],
            "searchdomain": "",
            "ssh_public_keys": "ssh-rsa AAAAB3NzaC1yc2EAAAADAQABAAABgQDWlM6CtqPiKyWamhsFq3Jw2tXp0NG3gNGvs/O8BMN3ld7MZW5r72lwCnIMXdgK9+NQsGOYUaKL1ZNhjIWylo/ajBcnG7SVm0z4VNZl67dx7D1o/QPI8Dv/k3SX3hhx0gfVbUl44jZlwYoJCXRhcqbAOOHgf3MZOI8BnRyLRWaDvc/yRR5Q3zF+hY3wBMIWAFKvfNkrxqCuktyGAKTvMFxfRs9ToqXJxrMpVOFfqcoMahxx+JAydP6BD2JxuvH+wKtz/9qmMnbQBPKiJWKSbrLw47hFzUVDs6eWiMl7UJYGYfDrNEwrO2PjY/QUSo1kVPbnyGPpWbzhu5reRDlTvfMZMcEVOs6JpLAU08SJiBmNL7mPiXfgp7xw8w9zsShV9LVxnl/Pm0jsb03M67Ij5dVJrdg4XUbZzgj4cOLdPREj5GG2TCN35EODchz5leqqY05YCzo05V/kPtebJLLYUmDJpLrRSxV5XpTbRRXC28Yp8tW1K989aYIGOA0VFwVb08E=\nssh-rsa AAAAB3NzaC1yc2EAAAADAQABAAABgQCj6y7h9qP//GI3A9e4rwffArrYjAOxNVCFzHUf7HEzZ2b/lKHZ6P3cvvP0DBDC4Q5y1Mk/2CwnlB6nXadO4sXmasvZq/xhhaWp0nyGzy1Z01nJOtSt6bzuY7uxmCqWZe7ELBGqvLisciMkTgLc7VH/vO7864Y1yiBAeSutLOBr6eFHMRuzmMt4iUxLxEv1wIURU+2mpBOio4UL8SdwDV9JZKa+vH8ceatVprPRPEvZ2owI7AgiqJUzF5qEigUy9/alueWIzrd1hhgwcFyhxRJMFgM9hP/280jMyYFDcGETx5Jgl7DnVecMG8IR93pM6PDXuZjJl8leuFzEuipZ5ELYLky0gRUeNYXTQUkAiq/ccfi7G/UuN04hs9nP93Tkel/tLOfZslM2o9PchAy9s0sBO7JoOlAyYGlRI+RQ4567+ba3bLdu/I30aYdsRBRm5Yr6J0wDYk91b9vCZ5qENUVyfukZOrwVrLML3yo4RGsoy3cHl5TLBWQE+K/NyQLT5WU=\nssh-ed25519 AAAAC3NzaC1lZDI1NTE5AAAAILzXIpFA2Qkj1amUdwr8FuZNzj96Vvj3nqfuYg0Wh2WC\nssh-ed25519 AAAAC3NzaC1lZDI1NTE5AAAAIIklIqmHOUz8WIeODCtLznoBqX+FT7Fs2vm57Ig5uCYd\n",
            "start": true,
            "startup": "",
            "swap": 512,
            "target_node": "flyinghermes",
            "template": false,
            "tty": 2,
            "unique": false,
            "unprivileged": true,
            "unused": null,
            "vmid": 0
          },
          "sensitive_attributes": [],
          "private": "bnVsbA==",
          "dependencies": [
            "random_password.password"
          ]
        }
      ]
    },
    {
      "mode": "managed",
      "type": "random_password",
      "name": "password",
      "provider": "provider[\"registry.terraform.io/hashicorp/random\"]",
      "instances": [
        {
          "schema_version": 0,
          "attributes": {
            "id": "none",
            "keepers": null,
            "length": 16,
            "lower": true,
            "min_lower": 0,
            "min_numeric": 0,
            "min_special": 0,
            "min_upper": 0,
            "number": true,
            "override_special": "_%@",
            "result": "r8aPF%R@ArHKN6Ex",
            "special": true,
            "upper": true
          },
          "sensitive_attributes": [],
          "private": "bnVsbA=="
        }
      ]
    }
  ]
}
